// !$*UTF8*$!
{
	archiveVersion = 1;
	classes = {
	};
	objectVersion = 50;
	objects = {

/* Begin PBXBuildFile section */
		4F4AA17320DA48E100456516 /* main.cpp in Sources */ = {isa = PBXBuildFile; fileRef = 4F4AA17220DA48E100456516 /* main.cpp */; };
		4F4AA18220DA4DB100456516 /* AppDelegate.m in Sources */ = {isa = PBXBuildFile; fileRef = 4F4AA18120DA4DB100456516 /* AppDelegate.m */; };
		4F4AA18A20DA4DB200456516 /* Assets.xcassets in Resources */ = {isa = PBXBuildFile; fileRef = 4F4AA18920DA4DB200456516 /* Assets.xcassets */; };
		4F4AA18D20DA4DB200456516 /* LaunchScreen.storyboard in Resources */ = {isa = PBXBuildFile; fileRef = 4F4AA18B20DA4DB200456516 /* LaunchScreen.storyboard */; };
		4F4AA19020DA4DB200456516 /* main.m in Sources */ = {isa = PBXBuildFile; fileRef = 4F4AA18F20DA4DB200456516 /* main.m */; };
		4F4AA19420DA4E1E00456516 /* json.hpp in Sources */ = {isa = PBXBuildFile; fileRef = 4F4AA16B20DA471100456516 /* json.hpp */; };
		4F4AA19820DA4F5800456516 /* ConvertNSDictionaryToJSONViewController.mm in Sources */ = {isa = PBXBuildFile; fileRef = 4F4AA19620DA4F5800456516 /* ConvertNSDictionaryToJSONViewController.mm */; };
		4F4AA19B20DA4F6500456516 /* RootViewController.m in Sources */ = {isa = PBXBuildFile; fileRef = 4F4AA19A20DA4F6500456516 /* RootViewController.m */; };
		4F4AA19C20DA50B400456516 /* data1.json in Resources */ = {isa = PBXBuildFile; fileRef = 4F4AA17920DA49B900456516 /* data1.json */; };
/* End PBXBuildFile section */

/* Begin PBXCopyFilesBuildPhase section */
		4F4AA16E20DA48E100456516 /* CopyFiles */ = {
			isa = PBXCopyFilesBuildPhase;
			buildActionMask = 2147483647;
			dstPath = /usr/share/man/man1/;
			dstSubfolderSpec = 0;
			files = (
			);
			runOnlyForDeploymentPostprocessing = 1;
		};
/* End PBXCopyFilesBuildPhase section */

/* Begin PBXFileReference section */
		4F4AA16B20DA471100456516 /* json.hpp */ = {isa = PBXFileReference; fileEncoding = 4; lastKnownFileType = sourcecode.cpp.h; path = json.hpp; sourceTree = "<group>"; };
		4F4AA17020DA48E100456516 /* nlohmann_json */ = {isa = PBXFileReference; explicitFileType = "compiled.mach-o.executable"; includeInIndex = 0; path = nlohmann_json; sourceTree = BUILT_PRODUCTS_DIR; };
		4F4AA17220DA48E100456516 /* main.cpp */ = {isa = PBXFileReference; lastKnownFileType = sourcecode.cpp.cpp; path = main.cpp; sourceTree = "<group>"; };
		4F4AA17920DA49B900456516 /* data1.json */ = {isa = PBXFileReference; fileEncoding = 4; lastKnownFileType = text.json; path = data1.json; sourceTree = "<group>"; };
		4F4AA17E20DA4DB100456516 /* AppTest.app */ = {isa = PBXFileReference; explicitFileType = wrapper.application; includeInIndex = 0; path = AppTest.app; sourceTree = BUILT_PRODUCTS_DIR; };
		4F4AA18020DA4DB100456516 /* AppDelegate.h */ = {isa = PBXFileReference; lastKnownFileType = sourcecode.c.h; path = AppDelegate.h; sourceTree = "<group>"; };
		4F4AA18120DA4DB100456516 /* AppDelegate.m */ = {isa = PBXFileReference; lastKnownFileType = sourcecode.c.objc; path = AppDelegate.m; sourceTree = "<group>"; };
		4F4AA18920DA4DB200456516 /* Assets.xcassets */ = {isa = PBXFileReference; lastKnownFileType = folder.assetcatalog; path = Assets.xcassets; sourceTree = "<group>"; };
		4F4AA18C20DA4DB200456516 /* Base */ = {isa = PBXFileReference; lastKnownFileType = file.storyboard; name = Base; path = Base.lproj/LaunchScreen.storyboard; sourceTree = "<group>"; };
		4F4AA18E20DA4DB200456516 /* Info.plist */ = {isa = PBXFileReference; lastKnownFileType = text.plist.xml; path = Info.plist; sourceTree = "<group>"; };
		4F4AA18F20DA4DB200456516 /* main.m */ = {isa = PBXFileReference; lastKnownFileType = sourcecode.c.objc; path = main.m; sourceTree = "<group>"; };
		4F4AA19620DA4F5800456516 /* ConvertNSDictionaryToJSONViewController.mm */ = {isa = PBXFileReference; fileEncoding = 4; lastKnownFileType = sourcecode.cpp.objcpp; path = ConvertNSDictionaryToJSONViewController.mm; sourceTree = "<group>"; };
		4F4AA19720DA4F5800456516 /* ConvertNSDictionaryToJSONViewController.h */ = {isa = PBXFileReference; fileEncoding = 4; lastKnownFileType = sourcecode.c.h; path = ConvertNSDictionaryToJSONViewController.h; sourceTree = "<group>"; };
		4F4AA19920DA4F6400456516 /* RootViewController.h */ = {isa = PBXFileReference; fileEncoding = 4; lastKnownFileType = sourcecode.c.h; path = RootViewController.h; sourceTree = "<group>"; };
		4F4AA19A20DA4F6500456516 /* RootViewController.m */ = {isa = PBXFileReference; fileEncoding = 4; lastKnownFileType = sourcecode.c.objc; path = RootViewController.m; sourceTree = "<group>"; };
/* End PBXFileReference section */

/* Begin PBXFrameworksBuildPhase section */
		4F4AA16D20DA48E100456516 /* Frameworks */ = {
			isa = PBXFrameworksBuildPhase;
			buildActionMask = 2147483647;
			files = (
			);
			runOnlyForDeploymentPostprocessing = 0;
		};
		4F4AA17B20DA4DB100456516 /* Frameworks */ = {
			isa = PBXFrameworksBuildPhase;
			buildActionMask = 2147483647;
			files = (
			);
			runOnlyForDeploymentPostprocessing = 0;
		};
/* End PBXFrameworksBuildPhase section */

/* Begin PBXGroup section */
		4F4AA10220DA029F00456516 = {
			isa = PBXGroup;
			children = (
				4F4AA17120DA48E100456516 /* nlohmann_json */,
				4F4AA17F20DA4DB100456516 /* AppTest */,
				4F4AA10C20DA029F00456516 /* Products */,
			);
			sourceTree = "<group>";
		};
		4F4AA10C20DA029F00456516 /* Products */ = {
			isa = PBXGroup;
			children = (
				4F4AA17020DA48E100456516 /* nlohmann_json */,
				4F4AA17E20DA4DB100456516 /* AppTest.app */,
			);
			name = Products;
			sourceTree = "<group>";
		};
		4F4AA16A20DA471100456516 /* nlohmann */ = {
			isa = PBXGroup;
			children = (
				4F4AA16B20DA471100456516 /* json.hpp */,
			);
			path = nlohmann;
			sourceTree = "<group>";
		};
		4F4AA17120DA48E100456516 /* nlohmann_json */ = {
			isa = PBXGroup;
			children = (
				4F4AA16A20DA471100456516 /* nlohmann */,
				4F4AA17220DA48E100456516 /* main.cpp */,
			);
			path = nlohmann_json;
			sourceTree = "<group>";
		};
		4F4AA17820DA49B900456516 /* Resources */ = {
			isa = PBXGroup;
			children = (
				4F4AA17920DA49B900456516 /* data1.json */,
			);
			path = Resources;
			sourceTree = "<group>";
		};
		4F4AA17F20DA4DB100456516 /* AppTest */ = {
			isa = PBXGroup;
			children = (
				4F4AA17820DA49B900456516 /* Resources */,
				4F4AA19520DA4F5800456516 /* AppTestDemos */,
				4F4AA18020DA4DB100456516 /* AppDelegate.h */,
				4F4AA18120DA4DB100456516 /* AppDelegate.m */,
				4F4AA19920DA4F6400456516 /* RootViewController.h */,
				4F4AA19A20DA4F6500456516 /* RootViewController.m */,
				4F4AA18920DA4DB200456516 /* Assets.xcassets */,
				4F4AA18B20DA4DB200456516 /* LaunchScreen.storyboard */,
				4F4AA18E20DA4DB200456516 /* Info.plist */,
				4F4AA18F20DA4DB200456516 /* main.m */,
			);
			path = AppTest;
			sourceTree = "<group>";
		};
		4F4AA19520DA4F5800456516 /* AppTestDemos */ = {
			isa = PBXGroup;
			children = (
				4F4AA19720DA4F5800456516 /* ConvertNSDictionaryToJSONViewController.h */,
				4F4AA19620DA4F5800456516 /* ConvertNSDictionaryToJSONViewController.mm */,
			);
			path = AppTestDemos;
			sourceTree = "<group>";
		};
/* End PBXGroup section */

/* Begin PBXNativeTarget section */
		4F4AA16F20DA48E100456516 /* nlohmann_json */ = {
			isa = PBXNativeTarget;
			buildConfigurationList = 4F4AA17420DA48E200456516 /* Build configuration list for PBXNativeTarget "nlohmann_json" */;
			buildPhases = (
				4F4AA16C20DA48E100456516 /* Sources */,
				4F4AA16D20DA48E100456516 /* Frameworks */,
				4F4AA16E20DA48E100456516 /* CopyFiles */,
			);
			buildRules = (
			);
			dependencies = (
			);
			name = nlohmann_json;
			productName = nlohmann_json;
			productReference = 4F4AA17020DA48E100456516 /* nlohmann_json */;
			productType = "com.apple.product-type.tool";
		};
		4F4AA17D20DA4DB100456516 /* AppTest */ = {
			isa = PBXNativeTarget;
			buildConfigurationList = 4F4AA19120DA4DB200456516 /* Build configuration list for PBXNativeTarget "AppTest" */;
			buildPhases = (
				4F4AA17A20DA4DB100456516 /* Sources */,
				4F4AA17B20DA4DB100456516 /* Frameworks */,
				4F4AA17C20DA4DB100456516 /* Resources */,
			);
			buildRules = (
			);
			dependencies = (
			);
			name = AppTest;
			productName = AppTest;
			productReference = 4F4AA17E20DA4DB100456516 /* AppTest.app */;
			productType = "com.apple.product-type.application";
		};
/* End PBXNativeTarget section */

/* Begin PBXProject section */
		4F4AA10320DA029F00456516 /* Project object */ = {
			isa = PBXProject;
			attributes = {
				LastUpgradeCheck = 0940;
				ORGANIZATIONNAME = wesley_chen;
				TargetAttributes = {
					4F4AA16F20DA48E100456516 = {
						CreatedOnToolsVersion = 9.4;
					};
					4F4AA17D20DA4DB100456516 = {
						CreatedOnToolsVersion = 9.4;
					};
				};
			};
			buildConfigurationList = 4F4AA10620DA029F00456516 /* Build configuration list for PBXProject "HelloJSON" */;
			compatibilityVersion = "Xcode 9.3";
			developmentRegion = en;
			hasScannedForEncodings = 0;
			knownRegions = (
				en,
				Base,
			);
			mainGroup = 4F4AA10220DA029F00456516;
			productRefGroup = 4F4AA10C20DA029F00456516 /* Products */;
			projectDirPath = "";
			projectRoot = "";
			targets = (
				4F4AA16F20DA48E100456516 /* nlohmann_json */,
				4F4AA17D20DA4DB100456516 /* AppTest */,
			);
		};
/* End PBXProject section */

/* Begin PBXResourcesBuildPhase section */
		4F4AA17C20DA4DB100456516 /* Resources */ = {
			isa = PBXResourcesBuildPhase;
			buildActionMask = 2147483647;
			files = (
				4F4AA18D20DA4DB200456516 /* LaunchScreen.storyboard in Resources */,
				4F4AA18A20DA4DB200456516 /* Assets.xcassets in Resources */,
				4F4AA19C20DA50B400456516 /* data1.json in Resources */,
			);
			runOnlyForDeploymentPostprocessing = 0;
		};
/* End PBXResourcesBuildPhase section */

/* Begin PBXSourcesBuildPhase section */
		4F4AA16C20DA48E100456516 /* Sources */ = {
			isa = PBXSourcesBuildPhase;
			buildActionMask = 2147483647;
			files = (
				4F4AA17320DA48E100456516 /* main.cpp in Sources */,
			);
			runOnlyForDeploymentPostprocessing = 0;
		};
		4F4AA17A20DA4DB100456516 /* Sources */ = {
			isa = PBXSourcesBuildPhase;
			buildActionMask = 2147483647;
			files = (
				4F4AA19420DA4E1E00456516 /* json.hpp in Sources */,
				4F4AA19820DA4F5800456516 /* ConvertNSDictionaryToJSONViewController.mm in Sources */,
				4F4AA19020DA4DB200456516 /* main.m in Sources */,
				4F4AA18220DA4DB100456516 /* AppDelegate.m in Sources */,
				4F4AA19B20DA4F6500456516 /* RootViewController.m in Sources */,
			);
			runOnlyForDeploymentPostprocessing = 0;
		};
/* End PBXSourcesBuildPhase section */

/* Begin PBXVariantGroup section */
		4F4AA18B20DA4DB200456516 /* LaunchScreen.storyboard */ = {
			isa = PBXVariantGroup;
			children = (
				4F4AA18C20DA4DB200456516 /* Base */,
			);
			name = LaunchScreen.storyboard;
			sourceTree = "<group>";
		};
/* End PBXVariantGroup section */

/* Begin XCBuildConfiguration section */
		4F4AA11020DA029F00456516 /* Debug */ = {
			isa = XCBuildConfiguration;
			buildSettings = {
				ALWAYS_SEARCH_USER_PATHS = NO;
				CLANG_ANALYZER_NONNULL = YES;
				CLANG_ANALYZER_NUMBER_OBJECT_CONVERSION = YES_AGGRESSIVE;
				CLANG_CXX_LANGUAGE_STANDARD = "gnu++14";
				CLANG_CXX_LIBRARY = "libc++";
				CLANG_ENABLE_MODULES = YES;
				CLANG_ENABLE_OBJC_ARC = YES;
				CLANG_ENABLE_OBJC_WEAK = YES;
				CLANG_WARN_BLOCK_CAPTURE_AUTORELEASING = YES;
				CLANG_WARN_BOOL_CONVERSION = YES;
				CLANG_WARN_COMMA = YES;
				CLANG_WARN_CONSTANT_CONVERSION = YES;
				CLANG_WARN_DEPRECATED_OBJC_IMPLEMENTATIONS = YES;
				CLANG_WARN_DIRECT_OBJC_ISA_USAGE = YES_ERROR;
				CLANG_WARN_DOCUMENTATION_COMMENTS = YES;
				CLANG_WARN_EMPTY_BODY = YES;
				CLANG_WARN_ENUM_CONVERSION = YES;
				CLANG_WARN_INFINITE_RECURSION = YES;
				CLANG_WARN_INT_CONVERSION = YES;
				CLANG_WARN_NON_LITERAL_NULL_CONVERSION = YES;
				CLANG_WARN_OBJC_IMPLICIT_RETAIN_SELF = YES;
				CLANG_WARN_OBJC_LITERAL_CONVERSION = YES;
				CLANG_WARN_OBJC_ROOT_CLASS = YES_ERROR;
				CLANG_WARN_RANGE_LOOP_ANALYSIS = YES;
				CLANG_WARN_STRICT_PROTOTYPES = YES;
				CLANG_WARN_SUSPICIOUS_MOVE = YES;
				CLANG_WARN_UNGUARDED_AVAILABILITY = YES_AGGRESSIVE;
				CLANG_WARN_UNREACHABLE_CODE = YES;
				CLANG_WARN__DUPLICATE_METHOD_MATCH = YES;
				CODE_SIGN_IDENTITY = "-";
				COPY_PHASE_STRIP = NO;
				DEBUG_INFORMATION_FORMAT = dwarf;
				ENABLE_STRICT_OBJC_MSGSEND = YES;
				ENABLE_TESTABILITY = YES;
				GCC_C_LANGUAGE_STANDARD = gnu11;
				GCC_DYNAMIC_NO_PIC = NO;
				GCC_NO_COMMON_BLOCKS = YES;
				GCC_OPTIMIZATION_LEVEL = 0;
				GCC_PREPROCESSOR_DEFINITIONS = (
					"DEBUG=1",
					"$(inherited)",
				);
				GCC_WARN_64_TO_32_BIT_CONVERSION = YES;
				GCC_WARN_ABOUT_RETURN_TYPE = YES_ERROR;
				GCC_WARN_UNDECLARED_SELECTOR = YES;
				GCC_WARN_UNINITIALIZED_AUTOS = YES_AGGRESSIVE;
				GCC_WARN_UNUSED_FUNCTION = YES;
				GCC_WARN_UNUSED_VARIABLE = YES;
				MACOSX_DEPLOYMENT_TARGET = 10.13;
				MTL_ENABLE_DEBUG_INFO = YES;
				ONLY_ACTIVE_ARCH = YES;
				SDKROOT = macosx;
			};
			name = Debug;
		};
		4F4AA11120DA029F00456516 /* Release */ = {
			isa = XCBuildConfiguration;
			buildSettings = {
				ALWAYS_SEARCH_USER_PATHS = NO;
				CLANG_ANALYZER_NONNULL = YES;
				CLANG_ANALYZER_NUMBER_OBJECT_CONVERSION = YES_AGGRESSIVE;
				CLANG_CXX_LANGUAGE_STANDARD = "gnu++14";
				CLANG_CXX_LIBRARY = "libc++";
				CLANG_ENABLE_MODULES = YES;
				CLANG_ENABLE_OBJC_ARC = YES;
				CLANG_ENABLE_OBJC_WEAK = YES;
				CLANG_WARN_BLOCK_CAPTURE_AUTORELEASING = YES;
				CLANG_WARN_BOOL_CONVERSION = YES;
				CLANG_WARN_COMMA = YES;
				CLANG_WARN_CONSTANT_CONVERSION = YES;
				CLANG_WARN_DEPRECATED_OBJC_IMPLEMENTATIONS = YES;
				CLANG_WARN_DIRECT_OBJC_ISA_USAGE = YES_ERROR;
				CLANG_WARN_DOCUMENTATION_COMMENTS = YES;
				CLANG_WARN_EMPTY_BODY = YES;
				CLANG_WARN_ENUM_CONVERSION = YES;
				CLANG_WARN_INFINITE_RECURSION = YES;
				CLANG_WARN_INT_CONVERSION = YES;
				CLANG_WARN_NON_LITERAL_NULL_CONVERSION = YES;
				CLANG_WARN_OBJC_IMPLICIT_RETAIN_SELF = YES;
				CLANG_WARN_OBJC_LITERAL_CONVERSION = YES;
				CLANG_WARN_OBJC_ROOT_CLASS = YES_ERROR;
				CLANG_WARN_RANGE_LOOP_ANALYSIS = YES;
				CLANG_WARN_STRICT_PROTOTYPES = YES;
				CLANG_WARN_SUSPICIOUS_MOVE = YES;
				CLANG_WARN_UNGUARDED_AVAILABILITY = YES_AGGRESSIVE;
				CLANG_WARN_UNREACHABLE_CODE = YES;
				CLANG_WARN__DUPLICATE_METHOD_MATCH = YES;
				CODE_SIGN_IDENTITY = "-";
				COPY_PHASE_STRIP = NO;
				DEBUG_INFORMATION_FORMAT = "dwarf-with-dsym";
				ENABLE_NS_ASSERTIONS = NO;
				ENABLE_STRICT_OBJC_MSGSEND = YES;
				GCC_C_LANGUAGE_STANDARD = gnu11;
				GCC_NO_COMMON_BLOCKS = YES;
				GCC_WARN_64_TO_32_BIT_CONVERSION = YES;
				GCC_WARN_ABOUT_RETURN_TYPE = YES_ERROR;
				GCC_WARN_UNDECLARED_SELECTOR = YES;
				GCC_WARN_UNINITIALIZED_AUTOS = YES_AGGRESSIVE;
				GCC_WARN_UNUSED_FUNCTION = YES;
				GCC_WARN_UNUSED_VARIABLE = YES;
				MACOSX_DEPLOYMENT_TARGET = 10.13;
				MTL_ENABLE_DEBUG_INFO = NO;
				SDKROOT = macosx;
			};
			name = Release;
		};
		4F4AA17520DA48E200456516 /* Debug */ = {
			isa = XCBuildConfiguration;
			buildSettings = {
				CODE_SIGN_STYLE = Automatic;
				PRODUCT_NAME = "$(TARGET_NAME)";
			};
			name = Debug;
		};
		4F4AA17620DA48E200456516 /* Release */ = {
			isa = XCBuildConfiguration;
			buildSettings = {
				CODE_SIGN_STYLE = Automatic;
				PRODUCT_NAME = "$(TARGET_NAME)";
			};
			name = Release;
		};
		4F4AA19220DA4DB200456516 /* Debug */ = {
			isa = XCBuildConfiguration;
			buildSettings = {
				ASSETCATALOG_COMPILER_APPICON_NAME = AppIcon;
				CODE_SIGN_IDENTITY = "iPhone Developer";
				CODE_SIGN_STYLE = Automatic;
				INFOPLIST_FILE = AppTest/Info.plist;
				IPHONEOS_DEPLOYMENT_TARGET = 11.4;
				LD_RUNPATH_SEARCH_PATHS = (
					"$(inherited)",
					"@executable_path/Frameworks",
				);
				PRODUCT_BUNDLE_IDENTIFIER = com.wc.AppTest;
				PRODUCT_NAME = "$(TARGET_NAME)";
				SDKROOT = iphoneos;
				TARGETED_DEVICE_FAMILY = "1,2";
			};
			name = Debug;
		};
		4F4AA19320DA4DB200456516 /* Release */ = {
			isa = XCBuildConfiguration;
			buildSettings = {
				ASSETCATALOG_COMPILER_APPICON_NAME = AppIcon;
				CODE_SIGN_IDENTITY = "iPhone Developer";
				CODE_SIGN_STYLE = Automatic;
				INFOPLIST_FILE = AppTest/Info.plist;
				IPHONEOS_DEPLOYMENT_TARGET = 11.4;
				LD_RUNPATH_SEARCH_PATHS = (
					"$(inherited)",
					"@executable_path/Frameworks",
				);
				PRODUCT_BUNDLE_IDENTIFIER = com.wc.AppTest;
				PRODUCT_NAME = "$(TARGET_NAME)";
				SDKROOT = iphoneos;
				TARGETED_DEVICE_FAMILY = "1,2";
				VALIDATE_PRODUCT = YES;
			};
			name = Release;
		};
/* End XCBuildConfiguration section */

/* Begin XCConfigurationList section */
		4F4AA10620DA029F00456516 /* Build configuration list for PBXProject "HelloJSON" */ = {
			isa = XCConfigurationList;
			buildConfigurations = (
				4F4AA11020DA029F00456516 /* Debug */,
				4F4AA11120DA029F00456516 /* Release */,
			);
			defaultConfigurationIsVisible = 0;
			defaultConfigurationName = Release;
		};
		4F4AA17420DA48E200456516 /* Build configuration list for PBXNativeTarget "nlohmann_json" */ = {
			isa = XCConfigurationList;
			buildConfigurations = (
				4F4AA17520DA48E200456516 /* Debug */,
				4F4AA17620DA48E200456516 /* Release */,
			);
			defaultConfigurationIsVisible = 0;
			defaultConfigurationName = Release;
		};
		4F4AA19120DA4DB200456516 /* Build configuration list for PBXNativeTarget "AppTest" */ = {
			isa = XCConfigurationList;
			buildConfigurations = (
				4F4AA19220DA4DB200456516 /* Debug */,
				4F4AA19320DA4DB200456516 /* Release */,
			);
			defaultConfigurationIsVisible = 0;
			defaultConfigurationName = Release;
		};
/* End XCConfigurationList section */
	};
	rootObject = 4F4AA10320DA029F00456516 /* Project object */;
}
