// !$*UTF8*$!
{
	archiveVersion = 1;
	classes = {
	};
	objectVersion = 56;
	objects = {

/* Begin PBXBuildFile section */
		4F4CC1DF2961C12600645AD4 /* main.cpp in Sources */ = {isa = PBXBuildFile; fileRef = 4F4CC1DE2961C12600645AD4 /* main.cpp */; };
		4F4CC1EC2961C16E00645AD4 /* Test.mm in Sources */ = {isa = PBXBuildFile; fileRef = 4F4CC1EB2961C16E00645AD4 /* Test.mm */; };
		4F4CC1F32961C7A200645AD4 /* LogMessage.cpp in Sources */ = {isa = PBXBuildFile; fileRef = 4F4CC1F12961C7A200645AD4 /* LogMessage.cpp */; };
		4F4CC1F42961C7A200645AD4 /* LogMessage.cpp in Sources */ = {isa = PBXBuildFile; fileRef = 4F4CC1F12961C7A200645AD4 /* LogMessage.cpp */; };
		4F4CC20D2962CBD700645AD4 /* LogSetting.cpp in Sources */ = {isa = PBXBuildFile; fileRef = 4F4CC20B2962CBD700645AD4 /* LogSetting.cpp */; };
		4F4CC20E2962CBD700645AD4 /* LogSetting.cpp in Sources */ = {isa = PBXBuildFile; fileRef = 4F4CC20B2962CBD700645AD4 /* LogSetting.cpp */; };
		4F4CC2112962DC1F00645AD4 /* Test_LogMessage.mm in Sources */ = {isa = PBXBuildFile; fileRef = 4F4CC2102962DC1F00645AD4 /* Test_LogMessage.mm */; };
/* End PBXBuildFile section */

/* Begin PBXCopyFilesBuildPhase section */
		4F4CC1D92961C12600645AD4 /* CopyFiles */ = {
			isa = PBXCopyFilesBuildPhase;
			buildActionMask = 2147483647;
			dstPath = /usr/share/man/man1/;
			dstSubfolderSpec = 0;
			files = (
			);
			runOnlyForDeploymentPostprocessing = 1;
		};
/* End PBXCopyFilesBuildPhase section */

/* Begin PBXFileReference section */
		4F4CC1DB2961C12600645AD4 /* HelloStringIO */ = {isa = PBXFileReference; explicitFileType = "compiled.mach-o.executable"; includeInIndex = 0; path = HelloStringIO; sourceTree = BUILT_PRODUCTS_DIR; };
		4F4CC1DE2961C12600645AD4 /* main.cpp */ = {isa = PBXFileReference; lastKnownFileType = sourcecode.cpp.cpp; path = main.cpp; sourceTree = "<group>"; };
		4F4CC1E92961C16E00645AD4 /* Test.xctest */ = {isa = PBXFileReference; explicitFileType = wrapper.cfbundle; includeInIndex = 0; path = Test.xctest; sourceTree = BUILT_PRODUCTS_DIR; };
		4F4CC1EB2961C16E00645AD4 /* Test.mm */ = {isa = PBXFileReference; lastKnownFileType = sourcecode.cpp.objcpp; path = Test.mm; sourceTree = "<group>"; };
		4F4CC1F12961C7A200645AD4 /* LogMessage.cpp */ = {isa = PBXFileReference; lastKnownFileType = sourcecode.cpp.cpp; path = LogMessage.cpp; sourceTree = "<group>"; };
		4F4CC1F22961C7A200645AD4 /* LogMessage.hpp */ = {isa = PBXFileReference; lastKnownFileType = sourcecode.cpp.h; path = LogMessage.hpp; sourceTree = "<group>"; };
		4F4CC20B2962CBD700645AD4 /* LogSetting.cpp */ = {isa = PBXFileReference; lastKnownFileType = sourcecode.cpp.cpp; path = LogSetting.cpp; sourceTree = "<group>"; };
		4F4CC20C2962CBD700645AD4 /* LogSetting.hpp */ = {isa = PBXFileReference; lastKnownFileType = sourcecode.cpp.h; path = LogSetting.hpp; sourceTree = "<group>"; };
		4F4CC20F2962CF3800645AD4 /* LogMessageMacro.h */ = {isa = PBXFileReference; lastKnownFileType = sourcecode.c.h; path = LogMessageMacro.h; sourceTree = "<group>"; };
		4F4CC2102962DC1F00645AD4 /* Test_LogMessage.mm */ = {isa = PBXFileReference; lastKnownFileType = sourcecode.cpp.objcpp; path = Test_LogMessage.mm; sourceTree = "<group>"; };
/* End PBXFileReference section */

/* Begin PBXFrameworksBuildPhase section */
		4F4CC1D82961C12600645AD4 /* Frameworks */ = {
			isa = PBXFrameworksBuildPhase;
			buildActionMask = 2147483647;
			files = (
			);
			runOnlyForDeploymentPostprocessing = 0;
		};
		4F4CC1E62961C16E00645AD4 /* Frameworks */ = {
			isa = PBXFrameworksBuildPhase;
			buildActionMask = 2147483647;
			files = (
			);
			runOnlyForDeploymentPostprocessing = 0;
		};
/* End PBXFrameworksBuildPhase section */

/* Begin PBXGroup section */
		4F4CC1D22961C12600645AD4 = {
			isa = PBXGroup;
			children = (
				4F4CC1F02961C57300645AD4 /* LogMessage */,
				4F4CC1DD2961C12600645AD4 /* HelloStringIO */,
				4F4CC1EA2961C16E00645AD4 /* Test */,
				4F4CC1DC2961C12600645AD4 /* Products */,
			);
			sourceTree = "<group>";
		};
		4F4CC1DC2961C12600645AD4 /* Products */ = {
			isa = PBXGroup;
			children = (
				4F4CC1DB2961C12600645AD4 /* HelloStringIO */,
				4F4CC1E92961C16E00645AD4 /* Test.xctest */,
			);
			name = Products;
			sourceTree = "<group>";
		};
		4F4CC1DD2961C12600645AD4 /* HelloStringIO */ = {
			isa = PBXGroup;
			children = (
				4F4CC1DE2961C12600645AD4 /* main.cpp */,
			);
			path = HelloStringIO;
			sourceTree = "<group>";
		};
		4F4CC1EA2961C16E00645AD4 /* Test */ = {
			isa = PBXGroup;
			children = (
				4F4CC1EB2961C16E00645AD4 /* Test.mm */,
				4F4CC2102962DC1F00645AD4 /* Test_LogMessage.mm */,
			);
			path = Test;
			sourceTree = "<group>";
		};
		4F4CC1F02961C57300645AD4 /* LogMessage */ = {
			isa = PBXGroup;
			children = (
				4F4CC1F52961CB7100645AD4 /* Tools */,
				4F4CC1F12961C7A200645AD4 /* LogMessage.cpp */,
				4F4CC1F22961C7A200645AD4 /* LogMessage.hpp */,
				4F4CC20B2962CBD700645AD4 /* LogSetting.cpp */,
				4F4CC20C2962CBD700645AD4 /* LogSetting.hpp */,
				4F4CC20F2962CF3800645AD4 /* LogMessageMacro.h */,
			);
			path = LogMessage;
			sourceTree = "<group>";
		};
		4F4CC1F52961CB7100645AD4 /* Tools */ = {
			isa = PBXGroup;
			children = (
			);
			path = Tools;
			sourceTree = "<group>";
		};
/* End PBXGroup section */

/* Begin PBXNativeTarget section */
		4F4CC1DA2961C12600645AD4 /* HelloStringIO */ = {
			isa = PBXNativeTarget;
			buildConfigurationList = 4F4CC1E22961C12600645AD4 /* Build configuration list for PBXNativeTarget "HelloStringIO" */;
			buildPhases = (
				4F4CC1D72961C12600645AD4 /* Sources */,
				4F4CC1D82961C12600645AD4 /* Frameworks */,
				4F4CC1D92961C12600645AD4 /* CopyFiles */,
			);
			buildRules = (
			);
			dependencies = (
			);
			name = HelloStringIO;
			productName = HelloStringIO;
			productReference = 4F4CC1DB2961C12600645AD4 /* HelloStringIO */;
			productType = "com.apple.product-type.tool";
		};
		4F4CC1E82961C16E00645AD4 /* Test */ = {
			isa = PBXNativeTarget;
			buildConfigurationList = 4F4CC1ED2961C16E00645AD4 /* Build configuration list for PBXNativeTarget "Test" */;
			buildPhases = (
				4F4CC1E52961C16E00645AD4 /* Sources */,
				4F4CC1E62961C16E00645AD4 /* Frameworks */,
				4F4CC1E72961C16E00645AD4 /* Resources */,
			);
			buildRules = (
			);
			dependencies = (
			);
			name = Test;
			productName = Test;
			productReference = 4F4CC1E92961C16E00645AD4 /* Test.xctest */;
			productType = "com.apple.product-type.bundle.unit-test";
		};
/* End PBXNativeTarget section */

/* Begin PBXProject section */
		4F4CC1D32961C12600645AD4 /* Project object */ = {
			isa = PBXProject;
			attributes = {
				BuildIndependentTargetsInParallel = 1;
				LastUpgradeCheck = 1410;
				TargetAttributes = {
					4F4CC1DA2961C12600645AD4 = {
						CreatedOnToolsVersion = 14.1;
					};
					4F4CC1E82961C16E00645AD4 = {
						CreatedOnToolsVersion = 14.1;
					};
				};
			};
			buildConfigurationList = 4F4CC1D62961C12600645AD4 /* Build configuration list for PBXProject "HelloStringIO" */;
			compatibilityVersion = "Xcode 14.0";
			developmentRegion = en;
			hasScannedForEncodings = 0;
			knownRegions = (
				en,
				Base,
			);
			mainGroup = 4F4CC1D22961C12600645AD4;
			productRefGroup = 4F4CC1DC2961C12600645AD4 /* Products */;
			projectDirPath = "";
			projectRoot = "";
			targets = (
				4F4CC1DA2961C12600645AD4 /* HelloStringIO */,
				4F4CC1E82961C16E00645AD4 /* Test */,
			);
		};
/* End PBXProject section */

/* Begin PBXResourcesBuildPhase section */
		4F4CC1E72961C16E00645AD4 /* Resources */ = {
			isa = PBXResourcesBuildPhase;
			buildActionMask = 2147483647;
			files = (
			);
			runOnlyForDeploymentPostprocessing = 0;
		};
/* End PBXResourcesBuildPhase section */

/* Begin PBXSourcesBuildPhase section */
		4F4CC1D72961C12600645AD4 /* Sources */ = {
			isa = PBXSourcesBuildPhase;
			buildActionMask = 2147483647;
			files = (
				4F4CC1F32961C7A200645AD4 /* LogMessage.cpp in Sources */,
				4F4CC1DF2961C12600645AD4 /* main.cpp in Sources */,
				4F4CC20D2962CBD700645AD4 /* LogSetting.cpp in Sources */,
			);
			runOnlyForDeploymentPostprocessing = 0;
		};
		4F4CC1E52961C16E00645AD4 /* Sources */ = {
			isa = PBXSourcesBuildPhase;
			buildActionMask = 2147483647;
			files = (
				4F4CC1F42961C7A200645AD4 /* LogMessage.cpp in Sources */,
				4F4CC1EC2961C16E00645AD4 /* Test.mm in Sources */,
				4F4CC2112962DC1F00645AD4 /* Test_LogMessage.mm in Sources */,
				4F4CC20E2962CBD700645AD4 /* LogSetting.cpp in Sources */,
			);
			runOnlyForDeploymentPostprocessing = 0;
		};
/* End PBXSourcesBuildPhase section */

/* Begin XCBuildConfiguration section */
		4F4CC1E02961C12600645AD4 /* Debug */ = {
			isa = XCBuildConfiguration;
			buildSettings = {
				ALWAYS_SEARCH_USER_PATHS = NO;
				CLANG_ANALYZER_NONNULL = YES;
				CLANG_ANALYZER_NUMBER_OBJECT_CONVERSION = YES_AGGRESSIVE;
				CLANG_CXX_LANGUAGE_STANDARD = "gnu++20";
				CLANG_ENABLE_MODULES = YES;
				CLANG_ENABLE_OBJC_ARC = YES;
				CLANG_ENABLE_OBJC_WEAK = YES;
				CLANG_WARN_BLOCK_CAPTURE_AUTORELEASING = YES;
				CLANG_WARN_BOOL_CONVERSION = YES;
				CLANG_WARN_COMMA = YES;
				CLANG_WARN_CONSTANT_CONVERSION = YES;
				CLANG_WARN_DEPRECATED_OBJC_IMPLEMENTATIONS = YES;
				CLANG_WARN_DIRECT_OBJC_ISA_USAGE = YES_ERROR;
				CLANG_WARN_DOCUMENTATION_COMMENTS = YES;
				CLANG_WARN_EMPTY_BODY = YES;
				CLANG_WARN_ENUM_CONVERSION = YES;
				CLANG_WARN_INFINITE_RECURSION = YES;
				CLANG_WARN_INT_CONVERSION = YES;
				CLANG_WARN_NON_LITERAL_NULL_CONVERSION = YES;
				CLANG_WARN_OBJC_IMPLICIT_RETAIN_SELF = YES;
				CLANG_WARN_OBJC_LITERAL_CONVERSION = YES;
				CLANG_WARN_OBJC_ROOT_CLASS = YES_ERROR;
				CLANG_WARN_QUOTED_INCLUDE_IN_FRAMEWORK_HEADER = YES;
				CLANG_WARN_RANGE_LOOP_ANALYSIS = YES;
				CLANG_WARN_STRICT_PROTOTYPES = YES;
				CLANG_WARN_SUSPICIOUS_MOVE = YES;
				CLANG_WARN_UNGUARDED_AVAILABILITY = YES_AGGRESSIVE;
				CLANG_WARN_UNREACHABLE_CODE = YES;
				CLANG_WARN__DUPLICATE_METHOD_MATCH = YES;
				COPY_PHASE_STRIP = NO;
				DEBUG_INFORMATION_FORMAT = dwarf;
				ENABLE_STRICT_OBJC_MSGSEND = YES;
				ENABLE_TESTABILITY = YES;
				GCC_C_LANGUAGE_STANDARD = gnu11;
				GCC_DYNAMIC_NO_PIC = NO;
				GCC_NO_COMMON_BLOCKS = YES;
				GCC_OPTIMIZATION_LEVEL = 0;
				GCC_PREPROCESSOR_DEFINITIONS = (
					"DEBUG=1",
					"$(inherited)",
				);
				GCC_WARN_64_TO_32_BIT_CONVERSION = YES;
				GCC_WARN_ABOUT_RETURN_TYPE = YES_ERROR;
				GCC_WARN_UNDECLARED_SELECTOR = YES;
				GCC_WARN_UNINITIALIZED_AUTOS = YES_AGGRESSIVE;
				GCC_WARN_UNUSED_FUNCTION = YES;
				GCC_WARN_UNUSED_VARIABLE = YES;
				MACOSX_DEPLOYMENT_TARGET = 12.6;
				MTL_ENABLE_DEBUG_INFO = INCLUDE_SOURCE;
				MTL_FAST_MATH = YES;
				ONLY_ACTIVE_ARCH = YES;
				SDKROOT = macosx;
			};
			name = Debug;
		};
		4F4CC1E12961C12600645AD4 /* Release */ = {
			isa = XCBuildConfiguration;
			buildSettings = {
				ALWAYS_SEARCH_USER_PATHS = NO;
				CLANG_ANALYZER_NONNULL = YES;
				CLANG_ANALYZER_NUMBER_OBJECT_CONVERSION = YES_AGGRESSIVE;
				CLANG_CXX_LANGUAGE_STANDARD = "gnu++20";
				CLANG_ENABLE_MODULES = YES;
				CLANG_ENABLE_OBJC_ARC = YES;
				CLANG_ENABLE_OBJC_WEAK = YES;
				CLANG_WARN_BLOCK_CAPTURE_AUTORELEASING = YES;
				CLANG_WARN_BOOL_CONVERSION = YES;
				CLANG_WARN_COMMA = YES;
				CLANG_WARN_CONSTANT_CONVERSION = YES;
				CLANG_WARN_DEPRECATED_OBJC_IMPLEMENTATIONS = YES;
				CLANG_WARN_DIRECT_OBJC_ISA_USAGE = YES_ERROR;
				CLANG_WARN_DOCUMENTATION_COMMENTS = YES;
				CLANG_WARN_EMPTY_BODY = YES;
				CLANG_WARN_ENUM_CONVERSION = YES;
				CLANG_WARN_INFINITE_RECURSION = YES;
				CLANG_WARN_INT_CONVERSION = YES;
				CLANG_WARN_NON_LITERAL_NULL_CONVERSION = YES;
				CLANG_WARN_OBJC_IMPLICIT_RETAIN_SELF = YES;
				CLANG_WARN_OBJC_LITERAL_CONVERSION = YES;
				CLANG_WARN_OBJC_ROOT_CLASS = YES_ERROR;
				CLANG_WARN_QUOTED_INCLUDE_IN_FRAMEWORK_HEADER = YES;
				CLANG_WARN_RANGE_LOOP_ANALYSIS = YES;
				CLANG_WARN_STRICT_PROTOTYPES = YES;
				CLANG_WARN_SUSPICIOUS_MOVE = YES;
				CLANG_WARN_UNGUARDED_AVAILABILITY = YES_AGGRESSIVE;
				CLANG_WARN_UNREACHABLE_CODE = YES;
				CLANG_WARN__DUPLICATE_METHOD_MATCH = YES;
				COPY_PHASE_STRIP = NO;
				DEBUG_INFORMATION_FORMAT = "dwarf-with-dsym";
				ENABLE_NS_ASSERTIONS = NO;
				ENABLE_STRICT_OBJC_MSGSEND = YES;
				GCC_C_LANGUAGE_STANDARD = gnu11;
				GCC_NO_COMMON_BLOCKS = YES;
				GCC_WARN_64_TO_32_BIT_CONVERSION = YES;
				GCC_WARN_ABOUT_RETURN_TYPE = YES_ERROR;
				GCC_WARN_UNDECLARED_SELECTOR = YES;
				GCC_WARN_UNINITIALIZED_AUTOS = YES_AGGRESSIVE;
				GCC_WARN_UNUSED_FUNCTION = YES;
				GCC_WARN_UNUSED_VARIABLE = YES;
				MACOSX_DEPLOYMENT_TARGET = 12.6;
				MTL_ENABLE_DEBUG_INFO = NO;
				MTL_FAST_MATH = YES;
				SDKROOT = macosx;
			};
			name = Release;
		};
		4F4CC1E32961C12600645AD4 /* Debug */ = {
			isa = XCBuildConfiguration;
			buildSettings = {
				CODE_SIGN_STYLE = Automatic;
				PRODUCT_NAME = "$(TARGET_NAME)";
			};
			name = Debug;
		};
		4F4CC1E42961C12600645AD4 /* Release */ = {
			isa = XCBuildConfiguration;
			buildSettings = {
				CODE_SIGN_STYLE = Automatic;
				PRODUCT_NAME = "$(TARGET_NAME)";
			};
			name = Release;
		};
		4F4CC1EE2961C16E00645AD4 /* Debug */ = {
			isa = XCBuildConfiguration;
			buildSettings = {
				CODE_SIGN_STYLE = Automatic;
				CURRENT_PROJECT_VERSION = 1;
				GENERATE_INFOPLIST_FILE = YES;
				MARKETING_VERSION = 1.0;
				PRODUCT_BUNDLE_IDENTIFIER = com.wc.Test;
				PRODUCT_NAME = "$(TARGET_NAME)";
				SWIFT_EMIT_LOC_STRINGS = NO;
			};
			name = Debug;
		};
		4F4CC1EF2961C16E00645AD4 /* Release */ = {
			isa = XCBuildConfiguration;
			buildSettings = {
				CODE_SIGN_STYLE = Automatic;
				CURRENT_PROJECT_VERSION = 1;
				GENERATE_INFOPLIST_FILE = YES;
				MARKETING_VERSION = 1.0;
				PRODUCT_BUNDLE_IDENTIFIER = com.wc.Test;
				PRODUCT_NAME = "$(TARGET_NAME)";
				SWIFT_EMIT_LOC_STRINGS = NO;
			};
			name = Release;
		};
/* End XCBuildConfiguration section */

/* Begin XCConfigurationList section */
		4F4CC1D62961C12600645AD4 /* Build configuration list for PBXProject "HelloStringIO" */ = {
			isa = XCConfigurationList;
			buildConfigurations = (
				4F4CC1E02961C12600645AD4 /* Debug */,
				4F4CC1E12961C12600645AD4 /* Release */,
			);
			defaultConfigurationIsVisible = 0;
			defaultConfigurationName = Release;
		};
		4F4CC1E22961C12600645AD4 /* Build configuration list for PBXNativeTarget "HelloStringIO" */ = {
			isa = XCConfigurationList;
			buildConfigurations = (
				4F4CC1E32961C12600645AD4 /* Debug */,
				4F4CC1E42961C12600645AD4 /* Release */,
			);
			defaultConfigurationIsVisible = 0;
			defaultConfigurationName = Release;
		};
		4F4CC1ED2961C16E00645AD4 /* Build configuration list for PBXNativeTarget "Test" */ = {
			isa = XCConfigurationList;
			buildConfigurations = (
				4F4CC1EE2961C16E00645AD4 /* Debug */,
				4F4CC1EF2961C16E00645AD4 /* Release */,
			);
			defaultConfigurationIsVisible = 0;
			defaultConfigurationName = Release;
		};
/* End XCConfigurationList section */
	};
	rootObject = 4F4CC1D32961C12600645AD4 /* Project object */;
}
